
Microsoft Visual Studio Solution File, Format Version 12.00
# Visual Studio Version 17
VisualStudioVersion = 17.3.32929.385
MinimumVisualStudioVersion = 10.0.40219.1
Project("{FAE04EC0-301F-11D3-BF4B-00C04F79EFBC}") = "NTRLab4Backend", "NTRLab4Backend\NTRLab4Backend.csproj", "{1996A0F0-F776-412F-A3B2-F9CA557C5A19}"
EndProject
Global
	GlobalSection(SolutionConfigurationPlatforms) = preSolution
		Debug|Any CPU = Debug|Any CPU
		Release|Any CPU = Release|Any CPU
	EndGlobalSection
	GlobalSection(ProjectConfigurationPlatforms) = postSolution
		{1996A0F0-F776-412F-A3B2-F9CA557C5A19}.Debug|Any CPU.ActiveCfg = Debug|Any CPU
		{1996A0F0-F776-412F-A3B2-F9CA557C5A19}.Debug|Any CPU.Build.0 = Debug|Any CPU
		{1996A0F0-F776-412F-A3B2-F9CA557C5A19}.Release|Any CPU.ActiveCfg = Release|Any CPU
		{1996A0F0-F776-412F-A3B2-F9CA557C5A19}.Release|Any CPU.Build.0 = Release|Any CPU
	EndGlobalSection
	GlobalSection(SolutionProperties) = preSolution
		HideSolutionNode = FALSE
	EndGlobalSection
	GlobalSection(ExtensibilityGlobals) = postSolution
		SolutionGuid = {000AE0E9-B9D9-4F49-91FF-C79CACF1C78D}
	EndGlobalSection
EndGlobal
